# THIS IS AN AUTOGENERATED FILE. DO NOT EDIT THIS FILE DIRECTLY.
# yarn lockfile v1


commander@~2.15.0:
  version "2.15.1"
  resolved "https://registry.yarnpkg.com/commander/-/commander-2.15.1.tgz#df46e867d0fc2aec66a34662b406a9ccafff5b0f"

source-map@~0.6.1:
  version "0.6.1"
  resolved "https://registry.yarnpkg.com/source-map/-/source-map-0.6.1.tgz#74722af32e9614e9c287a8d0bbde48b5e2f1a263"

uglify-js@^3.4.2:
  version "3.4.2"
  resolved "https://registry.yarnpkg.com/uglify-js/-/uglify-js-3.4.2.tgz#70511a390eb62423675ba63c374ba1abf045116c"
  dependencies:
    commander "~2.15.0"
    source-map "~0.6.1"
